
Microsoft Visual Studio Solution File, Format Version 12.00
# Visual Studio Version 17
VisualStudioVersion = 17.0.32112.339
MinimumVisualStudioVersion = 10.0.40219.1
Project("{FAE04EC0-301F-11D3-BF4B-00C04F79EFBC}") = "VTLabAutoExtract", "VTLabAutoExtract\VTLabAutoExtract.csproj", "{90ED3E90-813E-458B-8690-58CC18F58ACA}"
EndProject
Global
	GlobalSection(SolutionConfigurationPlatforms) = preSolution
		Debug|Any CPU = Debug|Any CPU
		Release|Any CPU = Release|Any CPU
	EndGlobalSection
	GlobalSection(ProjectConfigurationPlatforms) = postSolution
		{90ED3E90-813E-458B-8690-58CC18F58ACA}.Debug|Any CPU.ActiveCfg = Debug|Any CPU
		{90ED3E90-813E-458B-8690-58CC18F58ACA}.Debug|Any CPU.Build.0 = Debug|Any CPU
		{90ED3E90-813E-458B-8690-58CC18F58ACA}.Release|Any CPU.ActiveCfg = Release|Any CPU
		{90ED3E90-813E-458B-8690-58CC18F58ACA}.Release|Any CPU.Build.0 = Release|Any CPU
	EndGlobalSection
	GlobalSection(SolutionProperties) = preSolution
		HideSolutionNode = FALSE
	EndGlobalSection
	GlobalSection(ExtensibilityGlobals) = postSolution
		SolutionGuid = {03128BE1-B9C1-491E-BB84-C18549E7BCC9}
	EndGlobalSection
EndGlobal
